
Microsoft Visual Studio Solution File, Format Version 12.00
# Visual Studio 2013
VisualStudioVersion = 12.0.30723.0
MinimumVisualStudioVersion = 10.0.40219.1
Project("{8BC9CEB8-8B4A-11D0-8D11-00A0C91BC942}") = "cjose", "cjose.vcxproj", "{60DBD7C4-593D-4178-BA9C-B6BC74FAD593}"
EndProject
Global
	GlobalSection(SolutionConfigurationPlatforms) = preSolution
		Debug|Win32 = Debug|Win32
		Debug|x64 = Debug|x64
		Release|Win32 = Release|Win32
		Release|x64 = Release|x64
	EndGlobalSection
	GlobalSection(ProjectConfigurationPlatforms) = postSolution
		{60DBD7C4-593D-4178-BA9C-B6BC74FAD593}.Debug|Win32.ActiveCfg = Debug|Win32
		{60DBD7C4-593D-4178-BA9C-B6BC74FAD593}.Debug|Win32.Build.0 = Debug|Win32
		{60DBD7C4-593D-4178-BA9C-B6BC74FAD593}.Debug|x64.ActiveCfg = Debug|x64
		{60DBD7C4-593D-4178-BA9C-B6BC74FAD593}.Debug|x64.Build.0 = Debug|x64
		{60DBD7C4-593D-4178-BA9C-B6BC74FAD593}.Release|Win32.ActiveCfg = Release|Win32
		{60DBD7C4-593D-4178-BA9C-B6BC74FAD593}.Release|Win32.Build.0 = Release|Win32
		{60DBD7C4-593D-4178-BA9C-B6BC74FAD593}.Release|x64.ActiveCfg = Release|x64
		{60DBD7C4-593D-4178-BA9C-B6BC74FAD593}.Release|x64.Build.0 = Release|x64
	EndGlobalSection
	GlobalSection(SolutionProperties) = preSolution
		HideSolutionNode = FALSE
	EndGlobalSection
EndGlobal
